
Microsoft Visual Studio Solution File, Format Version 12.00
# Visual Studio Version 17
VisualStudioVersion = 17.14.36121.58 d17.14
MinimumVisualStudioVersion = 10.0.40219.1
Project("{FAE04EC0-301F-11D3-BF4B-00C04F79EFBC}") = "Nota_Calcular", "Nota_Calcular\Nota_Calcular.csproj", "{891A932D-3DBC-4E04-AA20-10E7D0E16A90}"
EndProject
Global
	GlobalSection(SolutionConfigurationPlatforms) = preSolution
		Debug|Any CPU = Debug|Any CPU
		Release|Any CPU = Release|Any CPU
	EndGlobalSection
	GlobalSection(ProjectConfigurationPlatforms) = postSolution
		{891A932D-3DBC-4E04-AA20-10E7D0E16A90}.Debug|Any CPU.ActiveCfg = Debug|Any CPU
		{891A932D-3DBC-4E04-AA20-10E7D0E16A90}.Debug|Any CPU.Build.0 = Debug|Any CPU
		{891A932D-3DBC-4E04-AA20-10E7D0E16A90}.Release|Any CPU.ActiveCfg = Release|Any CPU
		{891A932D-3DBC-4E04-AA20-10E7D0E16A90}.Release|Any CPU.Build.0 = Release|Any CPU
	EndGlobalSection
	GlobalSection(SolutionProperties) = preSolution
		HideSolutionNode = FALSE
	EndGlobalSection
	GlobalSection(ExtensibilityGlobals) = postSolution
		SolutionGuid = {43DA3795-4AC4-4013-9EDB-DF529A6D935C}
	EndGlobalSection
EndGlobal
