
Microsoft Visual Studio Solution File, Format Version 12.00
# Visual Studio Version 17
VisualStudioVersion = 17.14.36121.58 d17.14
MinimumVisualStudioVersion = 10.0.40219.1
Project("{FAE04EC0-301F-11D3-BF4B-00C04F79EFBC}") = "Marcas", "Marcas\Marcas.csproj", "{8F8C4164-24E3-4502-94C5-180BC6F93064}"
EndProject
Global
	GlobalSection(SolutionConfigurationPlatforms) = preSolution
		Debug|Any CPU = Debug|Any CPU
		Release|Any CPU = Release|Any CPU
	EndGlobalSection
	GlobalSection(ProjectConfigurationPlatforms) = postSolution
		{8F8C4164-24E3-4502-94C5-180BC6F93064}.Debug|Any CPU.ActiveCfg = Debug|Any CPU
		{8F8C4164-24E3-4502-94C5-180BC6F93064}.Debug|Any CPU.Build.0 = Debug|Any CPU
		{8F8C4164-24E3-4502-94C5-180BC6F93064}.Release|Any CPU.ActiveCfg = Release|Any CPU
		{8F8C4164-24E3-4502-94C5-180BC6F93064}.Release|Any CPU.Build.0 = Release|Any CPU
	EndGlobalSection
	GlobalSection(SolutionProperties) = preSolution
		HideSolutionNode = FALSE
	EndGlobalSection
	GlobalSection(ExtensibilityGlobals) = postSolution
		SolutionGuid = {798F79AD-1DC0-47CA-ADC6-0A84B536ED3A}
	EndGlobalSection
EndGlobal
